[[package]]
name = "uflash"
version = "2.0.0"
description = "A module and utility to flash Python onto the BBC micro:bit."
category = "main"
optional = false
python-versions = "*"

[metadata]
lock-version = "1.1"
python-versions = "^3.8"
content-hash = "231dadd8f200e5d0f173775744a26ecd90305f605840eac0cf135107b7b5080f"

[metadata.files]
uflash = [
    {file = "uflash-2.0.0.tar.gz", hash = "sha256:f583d2264fcf37e3e358f1f3a4370ce43b24eb3fdf845a477202555235b52582"},
]
